
Microsoft Visual Studio Solution File, Format Version 12.00
# Visual Studio Version 17
VisualStudioVersion = 17.13.35931.197 d17.13
MinimumVisualStudioVersion = 10.0.40219.1
Project("{FAE04EC0-301F-11D3-BF4B-00C04F79EFBC}") = "34", "34.csproj", "{A06538DB-4AA2-46DC-8CA1-1EFB684E0FB2}"
EndProject
Global
	GlobalSection(SolutionConfigurationPlatforms) = preSolution
		Debug|Any CPU = Debug|Any CPU
		Release|Any CPU = Release|Any CPU
	EndGlobalSection
	GlobalSection(ProjectConfigurationPlatforms) = postSolution
		{A06538DB-4AA2-46DC-8CA1-1EFB684E0FB2}.Debug|Any CPU.ActiveCfg = Debug|Any CPU
		{A06538DB-4AA2-46DC-8CA1-1EFB684E0FB2}.Debug|Any CPU.Build.0 = Debug|Any CPU
		{A06538DB-4AA2-46DC-8CA1-1EFB684E0FB2}.Release|Any CPU.ActiveCfg = Release|Any CPU
		{A06538DB-4AA2-46DC-8CA1-1EFB684E0FB2}.Release|Any CPU.Build.0 = Release|Any CPU
	EndGlobalSection
	GlobalSection(SolutionProperties) = preSolution
		HideSolutionNode = FALSE
	EndGlobalSection
	GlobalSection(ExtensibilityGlobals) = postSolution
		SolutionGuid = {F2A8AAAA-2595-4A76-B230-DF34363B371C}
	EndGlobalSection
EndGlobal
