
Microsoft Visual Studio Solution File, Format Version 12.00
# Visual Studio Version 17
VisualStudioVersion = 17.13.35931.197 d17.13
MinimumVisualStudioVersion = 10.0.40219.1
Project("{FAE04EC0-301F-11D3-BF4B-00C04F79EFBC}") = "51", "51.csproj", "{49AA9832-B5CB-4665-BA2E-29378CB5A1A6}"
EndProject
Global
	GlobalSection(SolutionConfigurationPlatforms) = preSolution
		Debug|Any CPU = Debug|Any CPU
		Release|Any CPU = Release|Any CPU
	EndGlobalSection
	GlobalSection(ProjectConfigurationPlatforms) = postSolution
		{49AA9832-B5CB-4665-BA2E-29378CB5A1A6}.Debug|Any CPU.ActiveCfg = Debug|Any CPU
		{49AA9832-B5CB-4665-BA2E-29378CB5A1A6}.Debug|Any CPU.Build.0 = Debug|Any CPU
		{49AA9832-B5CB-4665-BA2E-29378CB5A1A6}.Release|Any CPU.ActiveCfg = Release|Any CPU
		{49AA9832-B5CB-4665-BA2E-29378CB5A1A6}.Release|Any CPU.Build.0 = Release|Any CPU
	EndGlobalSection
	GlobalSection(SolutionProperties) = preSolution
		HideSolutionNode = FALSE
	EndGlobalSection
	GlobalSection(ExtensibilityGlobals) = postSolution
		SolutionGuid = {97E09FBC-CC1C-41A2-B8C1-2AADB1AE34A2}
	EndGlobalSection
EndGlobal
